<Solution>
  <Folder Name="/src/">
    <Project Path="src/ZaneTask.Api/ZaneTask.Api.csproj" />
    <Project Path="src/ZaneTask.Application/ZaneTask.Application.csproj" />
    <Project Path="src/ZaneTask.Contracts/ZaneTask.Contracts.csproj" />
    <Project Path="src/ZaneTask.Domain/ZaneTask.Domain.csproj" />
    <Project Path="src/ZaneTask.Infrastructure/ZaneTask.Infrastructure.csproj" />
    <Project Path="src/ZaneTask.Web/ZaneTask.Web.csproj" />
  </Folder>
  <Folder Name="/tests/">
    <Project Path="tests/ZaneTask.Api.IntegrationTests/ZaneTask.Api.IntegrationTests.csproj" />
    <Project Path="tests/ZaneTask.Application.Tests/ZaneTask.Application.Tests.csproj" />
    <Project Path="tests/ZaneTask.Domain.Tests/ZaneTask.Domain.Tests.csproj" />
  </Folder>
</Solution>
